PODS:
  - FADesignable (0.1.4):
    - "UITextView+Placeholder"
  - "UITextView+Placeholder (1.2.1)"

DEPENDENCIES:
  - FADesignable (from `../`)

SPEC REPOS:
  https://github.com/cocoapods/specs.git:
    - "UITextView+Placeholder"

EXTERNAL SOURCES:
  FADesignable:
    :path: "../"

SPEC CHECKSUMS:
  FADesignable: 8a22eda45bc9fe389616d29284a92c8166ee2ec7
  "UITextView+Placeholder": 0c3efd97f37ea64bde7f34cc6e90fe02e87b3909

PODFILE CHECKSUM: 39a77830de8953f1674095ea62755e8a1c05de9d

COCOAPODS: 1.5.3
